// !$*UTF8*$!
{
	archiveVersion = 1;
	classes = {
	};
	objectVersion = 46;
	objects = {

/* Begin PBXBuildFile section */
		BD7A28801B40F06700B970E4 /* main.m in Sources */ = {isa = PBXBuildFile; fileRef = BD7A287F1B40F06700B970E4 /* main.m */; };
		BD7A28881B40F1B700B970E4 /* myObject.m in Sources */ = {isa = PBXBuildFile; fileRef = BD7A28871B40F1B700B970E4 /* myObject.m */; };
		BDA8DD491B4133E40012A328 /* RIInjection.m in Sources */ = {isa = PBXBuildFile; fileRef = BDA8DD481B4133E40012A328 /* RIInjection.m */; };
/* End PBXBuildFile section */

/* Begin PBXCopyFilesBuildPhase section */
		BD7A287A1B40F06700B970E4 /* CopyFiles */ = {
			isa = PBXCopyFilesBuildPhase;
			buildActionMask = 2147483647;
			dstPath = /usr/share/man/man1/;
			dstSubfolderSpec = 0;
			files = (
			);
			runOnlyForDeploymentPostprocessing = 1;
		};
/* End PBXCopyFilesBuildPhase section */

/* Begin PBXFileReference section */
		BD7A287C1B40F06700B970E4 /* RuntimeInfection */ = {isa = PBXFileReference; explicitFileType = "compiled.mach-o.executable"; includeInIndex = 0; path = RuntimeInfection; sourceTree = BUILT_PRODUCTS_DIR; };
		BD7A287F1B40F06700B970E4 /* main.m */ = {isa = PBXFileReference; lastKnownFileType = sourcecode.c.objc; path = main.m; sourceTree = "<group>"; };
		BD7A28861B40F1B700B970E4 /* myObject.h */ = {isa = PBXFileReference; fileEncoding = 4; lastKnownFileType = sourcecode.c.h; path = myObject.h; sourceTree = SOURCE_ROOT; };
		BD7A28871B40F1B700B970E4 /* myObject.m */ = {isa = PBXFileReference; fileEncoding = 4; lastKnownFileType = sourcecode.c.objc; path = myObject.m; sourceTree = SOURCE_ROOT; };
		BDA8DD471B4133E40012A328 /* RIInjection.h */ = {isa = PBXFileReference; fileEncoding = 4; lastKnownFileType = sourcecode.c.h; path = RIInjection.h; sourceTree = "<group>"; };
		BDA8DD481B4133E40012A328 /* RIInjection.m */ = {isa = PBXFileReference; fileEncoding = 4; lastKnownFileType = sourcecode.c.objc; path = RIInjection.m; sourceTree = "<group>"; };
/* End PBXFileReference section */

/* Begin PBXFrameworksBuildPhase section */
		BD7A28791B40F06700B970E4 /* Frameworks */ = {
			isa = PBXFrameworksBuildPhase;
			buildActionMask = 2147483647;
			files = (
			);
			runOnlyForDeploymentPostprocessing = 0;
		};
/* End PBXFrameworksBuildPhase section */

/* Begin PBXGroup section */
		BD7A28731B40F06700B970E4 = {
			isa = PBXGroup;
			children = (
				BD7A287E1B40F06700B970E4 /* RuntimeInfection */,
				BD7A287D1B40F06700B970E4 /* Products */,
			);
			sourceTree = "<group>";
		};
		BD7A287D1B40F06700B970E4 /* Products */ = {
			isa = PBXGroup;
			children = (
				BD7A287C1B40F06700B970E4 /* RuntimeInfection */,
			);
			name = Products;
			sourceTree = "<group>";
		};
		BD7A287E1B40F06700B970E4 /* RuntimeInfection */ = {
			isa = PBXGroup;
			children = (
				BD7A287F1B40F06700B970E4 /* main.m */,
				BD7A28861B40F1B700B970E4 /* myObject.h */,
				BD7A28871B40F1B700B970E4 /* myObject.m */,
				BDA8DD471B4133E40012A328 /* RIInjection.h */,
				BDA8DD481B4133E40012A328 /* RIInjection.m */,
			);
			path = RuntimeInfection;
			sourceTree = "<group>";
		};
/* End PBXGroup section */

/* Begin PBXNativeTarget section */
		BD7A287B1B40F06700B970E4 /* RuntimeInfection */ = {
			isa = PBXNativeTarget;
			buildConfigurationList = BD7A28831B40F06700B970E4 /* Build configuration list for PBXNativeTarget "RuntimeInfection" */;
			buildPhases = (
				BD7A28781B40F06700B970E4 /* Sources */,
				BD7A28791B40F06700B970E4 /* Frameworks */,
				BD7A287A1B40F06700B970E4 /* CopyFiles */,
			);
			buildRules = (
			);
			dependencies = (
			);
			name = RuntimeInfection;
			productName = RuntimeInfection;
			productReference = BD7A287C1B40F06700B970E4 /* RuntimeInfection */;
			productType = "com.apple.product-type.tool";
		};
/* End PBXNativeTarget section */

/* Begin PBXProject section */
		BD7A28741B40F06700B970E4 /* Project object */ = {
			isa = PBXProject;
			attributes = {
				LastUpgradeCheck = 0620;
				ORGANIZATIONNAME = "Brian Hsu";
				TargetAttributes = {
					BD7A287B1B40F06700B970E4 = {
						CreatedOnToolsVersion = 6.2;
					};
				};
			};
			buildConfigurationList = BD7A28771B40F06700B970E4 /* Build configuration list for PBXProject "RuntimeInfection" */;
			compatibilityVersion = "Xcode 3.2";
			developmentRegion = English;
			hasScannedForEncodings = 0;
			knownRegions = (
				en,
			);
			mainGroup = BD7A28731B40F06700B970E4;
			productRefGroup = BD7A287D1B40F06700B970E4 /* Products */;
			projectDirPath = "";
			projectRoot = "";
			targets = (
				BD7A287B1B40F06700B970E4 /* RuntimeInfection */,
			);
		};
/* End PBXProject section */

/* Begin PBXSourcesBuildPhase section */
		BD7A28781B40F06700B970E4 /* Sources */ = {
			isa = PBXSourcesBuildPhase;
			buildActionMask = 2147483647;
			files = (
				BD7A28881B40F1B700B970E4 /* myObject.m in Sources */,
				BDA8DD491B4133E40012A328 /* RIInjection.m in Sources */,
				BD7A28801B40F06700B970E4 /* main.m in Sources */,
			);
			runOnlyForDeploymentPostprocessing = 0;
		};
/* End PBXSourcesBuildPhase section */

/* Begin XCBuildConfiguration section */
		BD7A28811B40F06700B970E4 /* Debug */ = {
			isa = XCBuildConfiguration;
			buildSettings = {
				ALWAYS_SEARCH_USER_PATHS = NO;
				CLANG_CXX_LANGUAGE_STANDARD = "gnu++0x";
				CLANG_CXX_LIBRARY = "libc++";
				CLANG_ENABLE_MODULES = YES;
				CLANG_ENABLE_OBJC_ARC = YES;
				CLANG_WARN_BOOL_CONVERSION = YES;
				CLANG_WARN_CONSTANT_CONVERSION = YES;
				CLANG_WARN_DIRECT_OBJC_ISA_USAGE = YES_ERROR;
				CLANG_WARN_EMPTY_BODY = YES;
				CLANG_WARN_ENUM_CONVERSION = YES;
				CLANG_WARN_INT_CONVERSION = YES;
				CLANG_WARN_OBJC_ROOT_CLASS = YES_ERROR;
				CLANG_WARN_UNREACHABLE_CODE = YES;
				CLANG_WARN__DUPLICATE_METHOD_MATCH = YES;
				COPY_PHASE_STRIP = NO;
				ENABLE_STRICT_OBJC_MSGSEND = YES;
				GCC_C_LANGUAGE_STANDARD = gnu99;
				GCC_DYNAMIC_NO_PIC = NO;
				GCC_OPTIMIZATION_LEVEL = 0;
				GCC_PREPROCESSOR_DEFINITIONS = (
					"DEBUG=1",
					"$(inherited)",
				);
				GCC_SYMBOLS_PRIVATE_EXTERN = NO;
				GCC_WARN_64_TO_32_BIT_CONVERSION = YES;
				GCC_WARN_ABOUT_RETURN_TYPE = YES_ERROR;
				GCC_WARN_UNDECLARED_SELECTOR = YES;
				GCC_WARN_UNINITIALIZED_AUTOS = YES_AGGRESSIVE;
				GCC_WARN_UNUSED_FUNCTION = YES;
				GCC_WARN_UNUSED_VARIABLE = YES;
				MACOSX_DEPLOYMENT_TARGET = 10.10;
				MTL_ENABLE_DEBUG_INFO = YES;
				ONLY_ACTIVE_ARCH = YES;
				SDKROOT = macosx;
			};
			name = Debug;
		};
		BD7A28821B40F06700B970E4 /* Release */ = {
			isa = XCBuildConfiguration;
			buildSettings = {
				ALWAYS_SEARCH_USER_PATHS = NO;
				CLANG_CXX_LANGUAGE_STANDARD = "gnu++0x";
				CLANG_CXX_LIBRARY = "libc++";
				CLANG_ENABLE_MODULES = YES;
				CLANG_ENABLE_OBJC_ARC = YES;
				CLANG_WARN_BOOL_CONVERSION = YES;
				CLANG_WARN_CONSTANT_CONVERSION = YES;
				CLANG_WARN_DIRECT_OBJC_ISA_USAGE = YES_ERROR;
				CLANG_WARN_EMPTY_BODY = YES;
				CLANG_WARN_ENUM_CONVERSION = YES;
				CLANG_WARN_INT_CONVERSION = YES;
				CLANG_WARN_OBJC_ROOT_CLASS = YES_ERROR;
				CLANG_WARN_UNREACHABLE_CODE = YES;
				CLANG_WARN__DUPLICATE_METHOD_MATCH = YES;
				COPY_PHASE_STRIP = NO;
				DEBUG_INFORMATION_FORMAT = "dwarf-with-dsym";
				ENABLE_NS_ASSERTIONS = NO;
				ENABLE_STRICT_OBJC_MSGSEND = YES;
				GCC_C_LANGUAGE_STANDARD = gnu99;
				GCC_WARN_64_TO_32_BIT_CONVERSION = YES;
				GCC_WARN_ABOUT_RETURN_TYPE = YES_ERROR;
				GCC_WARN_UNDECLARED_SELECTOR = YES;
				GCC_WARN_UNINITIALIZED_AUTOS = YES_AGGRESSIVE;
				GCC_WARN_UNUSED_FUNCTION = YES;
				GCC_WARN_UNUSED_VARIABLE = YES;
				MACOSX_DEPLOYMENT_TARGET = 10.10;
				MTL_ENABLE_DEBUG_INFO = NO;
				SDKROOT = macosx;
			};
			name = Release;
		};
		BD7A28841B40F06700B970E4 /* Debug */ = {
			isa = XCBuildConfiguration;
			buildSettings = {
				CLANG_ENABLE_OBJC_ARC = YES;
				ENABLE_STRICT_OBJC_MSGSEND = NO;
				PRODUCT_NAME = "$(TARGET_NAME)";
			};
			name = Debug;
		};
		BD7A28851B40F06700B970E4 /* Release */ = {
			isa = XCBuildConfiguration;
			buildSettings = {
				CLANG_ENABLE_OBJC_ARC = YES;
				ENABLE_STRICT_OBJC_MSGSEND = NO;
				PRODUCT_NAME = "$(TARGET_NAME)";
			};
			name = Release;
		};
/* End XCBuildConfiguration section */

/* Begin XCConfigurationList section */
		BD7A28771B40F06700B970E4 /* Build configuration list for PBXProject "RuntimeInfection" */ = {
			isa = XCConfigurationList;
			buildConfigurations = (
				BD7A28811B40F06700B970E4 /* Debug */,
				BD7A28821B40F06700B970E4 /* Release */,
			);
			defaultConfigurationIsVisible = 0;
			defaultConfigurationName = Release;
		};
		BD7A28831B40F06700B970E4 /* Build configuration list for PBXNativeTarget "RuntimeInfection" */ = {
			isa = XCConfigurationList;
			buildConfigurations = (
				BD7A28841B40F06700B970E4 /* Debug */,
				BD7A28851B40F06700B970E4 /* Release */,
			);
			defaultConfigurationIsVisible = 0;
			defaultConfigurationName = Release;
		};
/* End XCConfigurationList section */
	};
	rootObject = BD7A28741B40F06700B970E4 /* Project object */;
}
